
Microsoft Visual Studio Solution File, Format Version 12.00
# Visual Studio Version 16
VisualStudioVersion = 16.0.33529.622
MinimumVisualStudioVersion = 10.0.40219.1
Project("{FAE04EC0-301F-11D3-BF4B-00C04F79EFBC}") = "Sample Library Generator", "Sample Library Generator\Sample Library Generator.csproj", "{01EF43D9-76C9-4779-9D0F-B4BB7ADC651D}"
EndProject
Global
	GlobalSection(SolutionConfigurationPlatforms) = preSolution
		Debug|Any CPU = Debug|Any CPU
		Release|Any CPU = Release|Any CPU
	EndGlobalSection
	GlobalSection(ProjectConfigurationPlatforms) = postSolution
		{01EF43D9-76C9-4779-9D0F-B4BB7ADC651D}.Debug|Any CPU.ActiveCfg = Debug|Any CPU
		{01EF43D9-76C9-4779-9D0F-B4BB7ADC651D}.Debug|Any CPU.Build.0 = Debug|Any CPU
		{01EF43D9-76C9-4779-9D0F-B4BB7ADC651D}.Release|Any CPU.ActiveCfg = Release|Any CPU
		{01EF43D9-76C9-4779-9D0F-B4BB7ADC651D}.Release|Any CPU.Build.0 = Release|Any CPU
	EndGlobalSection
	GlobalSection(SolutionProperties) = preSolution
		HideSolutionNode = FALSE
	EndGlobalSection
	GlobalSection(ExtensibilityGlobals) = postSolution
		SolutionGuid = {B853F427-FFB0-4D1E-AB81-EE85BB6E2F78}
	EndGlobalSection
EndGlobal
